{
  "object": {
    "pins": [
      {
        "package": "AnyCodable",
        "repositoryURL": "https://github.com/Flight-School/AnyCodable.git",
        "state": {
          "branch": null,
          "revision": "69261f239f0fffaf51495dadc4f8483fbfe97025",
          "version": "0.6.1"
        }
      },
      {
        "package": "Cryptor",
        "repositoryURL": "https://github.com/Kitura/BlueCryptor.git",
        "state": {
          "branch": null,
          "revision": "ee5880e031da4c609f372cf7472476ab51d5dd19",
          "version": "1.0.200"
        }
      },
      {
        "package": "CryptorECC",
        "repositoryURL": "https://github.com/Kitura/BlueECC.git",
        "state": {
          "branch": null,
          "revision": "baf6ed3fc1a622675f0041b4aff7c02dd1a93818",
          "version": "1.2.200"
        }
      },
      {
        "package": "CryptorRSA",
        "repositoryURL": "https://github.com/Kitura/BlueRSA.git",
        "state": {
          "branch": null,
          "revision": "440f78db26d8bb073f29590f1c7bd31004da09ae",
          "version": "1.0.201"
        }
      },
      {
        "package": "Signals",
        "repositoryURL": "https://github.com/Kitura/BlueSignals.git",
        "state": {
          "branch": null,
          "revision": "1f6c49e186c8a4eeef87ba14f2f97b8646559d13",
          "version": "1.0.200"
        }
      },
      {
        "package": "Socket",
        "repositoryURL": "https://github.com/Kitura/BlueSocket.git",
        "state": {
          "branch": null,
          "revision": "c9894fd117457f1d006575fbfb2fdfd6f79eac03",
          "version": "1.0.200"
        }
      },
      {
        "package": "SSLService",
        "repositoryURL": "https://github.com/Kitura/BlueSSLService.git",
        "state": {
          "branch": null,
          "revision": "ae5889d2a8b068d2d3ab91ec73aa8f557c03cd8a",
          "version": "1.0.200"
        }
      },
      {
        "package": "HeliumLogger",
        "repositoryURL": "https://github.com/IBM-Swift/HeliumLogger.git",
        "state": {
          "branch": null,
          "revision": "55fd2f0b70793017acee853c53cfcf8da0bd8d8d",
          "version": "1.9.200"
        }
      },
      {
        "package": "jwt-kit",
        "repositoryURL": "https://github.com/vapor/jwt-kit.git",
        "state": {
          "branch": null,
          "revision": "df7955305940ea0fcd1626a0a6d1a1556623f95e",
          "version": "4.2.3"
        }
      },
      {
        "package": "Kitura",
        "repositoryURL": "https://github.com/Kitura/Kitura.git",
        "state": {
          "branch": null,
          "revision": "daf6479097469a0c1fe64755db6e23f788a3ec29",
          "version": "2.9.200"
        }
      },
      {
        "package": "Kitura-Credentials",
        "repositoryURL": "https://github.com/IBM-Swift/Kitura-Credentials.git",
        "state": {
          "branch": null,
          "revision": "9edcb49d50ae57e0065b17e6209c82169aecb207",
          "version": "2.5.200"
        }
      },
      {
        "package": "Kitura-net",
        "repositoryURL": "https://github.com/Kitura/Kitura-net.git",
        "state": {
          "branch": null,
          "revision": "e017a57772eb477c294d72b25ab9ae38d25539f5",
          "version": "2.4.200"
        }
      },
      {
        "package": "Kitura-Session",
        "repositoryURL": "https://github.com/Kitura/Kitura-Session.git",
        "state": {
          "branch": null,
          "revision": "501de45890c6942f263a56145c9bca571002e09f",
          "version": "3.3.201"
        }
      },
      {
        "package": "Kitura-TemplateEngine",
        "repositoryURL": "https://github.com/Kitura/Kitura-TemplateEngine.git",
        "state": {
          "branch": null,
          "revision": "1670b09bfb63b66f7dffff627a06b50492485407",
          "version": "2.0.200"
        }
      },
      {
        "package": "KituraContracts",
        "repositoryURL": "https://github.com/Kitura/KituraContracts.git",
        "state": {
          "branch": null,
          "revision": "8418006e39e2efae9b31ae92721cb597ac29c617",
          "version": "1.2.200"
        }
      },
      {
        "package": "LoggerAPI",
        "repositoryURL": "https://github.com/Kitura/LoggerAPI.git",
        "state": {
          "branch": null,
          "revision": "e82d34eab3f0b05391082b11ea07d3b70d2f65bb",
          "version": "1.9.200"
        }
      },
      {
        "package": "OpenSSL",
        "repositoryURL": "https://github.com/Kitura/OpenSSL.git",
        "state": {
          "branch": null,
          "revision": "80b04f33b086fc90e28d9ae159d43705fb348e16",
          "version": "2.2.200"
        }
      },
      {
        "package": "SolidAuthSwift",
        "repositoryURL": "https://github.com/crspybits/SolidAuthSwift.git",
        "state": {
          "branch": null,
          "revision": "ff225b943b7863b34d4c77905406a55bce8d733f",
          "version": "0.0.3"
        }
      },
      {
        "package": "swift-crypto",
        "repositoryURL": "https://github.com/apple/swift-crypto.git",
        "state": {
          "branch": null,
          "revision": "3bea268b223651c4ab7b7b9ad62ef9b2d4143eb6",
          "version": "1.1.6"
        }
      },
      {
        "package": "SwiftJWT",
        "repositoryURL": "https://github.com/crspybits/Swift-JWT.git",
        "state": {
          "branch": null,
          "revision": "63551370327fb66589d468df84689e334749268c",
          "version": "3.6.201"
        }
      },
      {
        "package": "swift-log",
        "repositoryURL": "https://github.com/apple/swift-log.git",
        "state": {
          "branch": null,
          "revision": "5d66f7ba25daf4f94100e7022febf3c75e37a6c7",
          "version": "1.4.2"
        }
      },
      {
        "package": "TypeDecoder",
        "repositoryURL": "https://github.com/Kitura/TypeDecoder.git",
        "state": {
          "branch": null,
          "revision": "28ec01815c0aea9236f92982ca8d351e7112a4a0",
          "version": "1.3.201"
        }
      }
    ]
  },
  "version": 1
}
